github.com/farmerx/gorsa v0.0.0-20161211100049-3ae06f674f40 h1:OgoboV484kN/ngW4apHvSw8iy9YhhQusAKSLT8nGl94=
github.com/farmerx/gorsa v0.0.0-20161211100049-3ae06f674f40/go.mod h1:Gdtd77IQrjXqFfiourWpNnE1jDPC4opZPDPxPLWFlr0=
golang.org/x/crypto v0.0.0-20220829220503-c86fa9a7ed90 h1:Y/gsMcFOcR+6S6f3YeMKl5g+dZMEWqcz5Czj/GWYbkM=
golang.org/x/crypto v0.0.0-20220829220503-c86fa9a7ed90/go.mod h1:IxCIyHEi3zRg3s0A5j5BB6A9Jmi73HwBIUl50j+osU4=
